
Microsoft Visual Studio Solution File, Format Version 12.00
# Visual Studio Version 16
VisualStudioVersion = 16.0.31702.278
MinimumVisualStudioVersion = 10.0.40219.1
Project("{FAE04EC0-301F-11D3-BF4B-00C04F79EFBC}") = "Pr8", "Pr8.csproj", "{10B15FBD-F417-435E-9AAB-8198B255FAC0}"
EndProject
Global
	GlobalSection(SolutionConfigurationPlatforms) = preSolution
		Debug|Any CPU = Debug|Any CPU
		Release|Any CPU = Release|Any CPU
	EndGlobalSection
	GlobalSection(ProjectConfigurationPlatforms) = postSolution
		{10B15FBD-F417-435E-9AAB-8198B255FAC0}.Debug|Any CPU.ActiveCfg = Debug|Any CPU
		{10B15FBD-F417-435E-9AAB-8198B255FAC0}.Debug|Any CPU.Build.0 = Debug|Any CPU
		{10B15FBD-F417-435E-9AAB-8198B255FAC0}.Release|Any CPU.ActiveCfg = Release|Any CPU
		{10B15FBD-F417-435E-9AAB-8198B255FAC0}.Release|Any CPU.Build.0 = Release|Any CPU
	EndGlobalSection
	GlobalSection(SolutionProperties) = preSolution
		HideSolutionNode = FALSE
	EndGlobalSection
	GlobalSection(ExtensibilityGlobals) = postSolution
		SolutionGuid = {72DBD57C-A565-476F-B22B-99BCA019854E}
	EndGlobalSection
EndGlobal
